
Microsoft Visual Studio Solution File, Format Version 12.00
# Visual Studio Version 17
VisualStudioVersion = 17.10.34928.147
MinimumVisualStudioVersion = 10.0.40219.1
Project("{FAE04EC0-301F-11D3-BF4B-00C04F79EFBC}") = "Travel_Requests_App", "Travel_Requests_App\Travel_Requests_App.csproj", "{4669E046-806E-4DE9-BD4C-119E61AA5C47}"
EndProject
Global
	GlobalSection(SolutionConfigurationPlatforms) = preSolution
		Debug|Any CPU = Debug|Any CPU
		Release|Any CPU = Release|Any CPU
	EndGlobalSection
	GlobalSection(ProjectConfigurationPlatforms) = postSolution
		{4669E046-806E-4DE9-BD4C-119E61AA5C47}.Debug|Any CPU.ActiveCfg = Debug|Any CPU
		{4669E046-806E-4DE9-BD4C-119E61AA5C47}.Debug|Any CPU.Build.0 = Debug|Any CPU
		{4669E046-806E-4DE9-BD4C-119E61AA5C47}.Release|Any CPU.ActiveCfg = Release|Any CPU
		{4669E046-806E-4DE9-BD4C-119E61AA5C47}.Release|Any CPU.Build.0 = Release|Any CPU
	EndGlobalSection
	GlobalSection(SolutionProperties) = preSolution
		HideSolutionNode = FALSE
	EndGlobalSection
	GlobalSection(ExtensibilityGlobals) = postSolution
		SolutionGuid = {6247B40A-B410-4FBA-BC60-EBF98C6E4164}
	EndGlobalSection
EndGlobal
